{
  "nodes": {
    "cachix": {
      "locked": {
        "lastModified": 1612653566,
        "narHash": "sha256-7qjA9OgOJ97wzEsgElnFnIIrWJ57Wy8p2IuG85fJDZ0=",
        "owner": "nixos",
        "repo": "nixpkgs",
        "rev": "8e78c2cfbae71720869c35b6710d652bf28b37cc",
        "type": "github"
      },
      "original": {
        "owner": "nixos",
        "ref": "nixos-20.09",
        "repo": "nixpkgs",
        "type": "github"
      }
    },
    "flake-utils": {
      "locked": {
        "lastModified": 1610051610,
        "narHash": "sha256-U9rPz/usA1/Aohhk7Cmc2gBrEEKRzcW4nwPWMPwja4Y=",
        "owner": "numtide",
        "repo": "flake-utils",
        "rev": "3982c9903e93927c2164caa727cd3f6a0e6d14cc",
        "type": "github"
      },
      "original": {
        "owner": "numtide",
        "repo": "flake-utils",
        "type": "github"
      }
    },
    "flake-utils_2": {
      "locked": {
        "lastModified": 1610051610,
        "narHash": "sha256-U9rPz/usA1/Aohhk7Cmc2gBrEEKRzcW4nwPWMPwja4Y=",
        "owner": "numtide",
        "repo": "flake-utils",
        "rev": "3982c9903e93927c2164caa727cd3f6a0e6d14cc",
        "type": "github"
      },
      "original": {
        "owner": "numtide",
        "repo": "flake-utils",
        "type": "github"
      }
    },
    "home-manager": {
      "inputs": {
        "nixpkgs": [
          "unstable"
        ]
      },
      "locked": {
        "lastModified": 1612845444,
        "narHash": "sha256-8A/OaAyAzyIdMOjIcYqa3jYk+Y0e3nyizJfEgeklhyg=",
        "owner": "nix-community",
        "repo": "home-manager",
        "rev": "e6f2687a838dd6079b65fc2cd67760c590b4bc91",
        "type": "github"
      },
      "original": {
        "owner": "nix-community",
        "ref": "master",
        "repo": "home-manager",
        "type": "github"
      }
    },
    "master": {
      "locked": {
        "lastModified": 1612843974,
        "narHash": "sha256-zO0FhDoE6UFO658BOIyLN+nBQ0PgYtlqntvXdmNwz6A=",
        "owner": "NixOS",
        "repo": "nixpkgs",
        "rev": "50d34017c234ac075298658c77817499aa713d58",
        "type": "github"
      },
      "original": {
        "owner": "NixOS",
        "ref": "master",
        "repo": "nixpkgs",
        "type": "github"
      }
    },
    "neovim": {
      "inputs": {
        "flake-utils": "flake-utils_2",
        "nixpkgs": "nixpkgs"
      },
      "locked": {
        "dir": "contrib",
        "lastModified": 1612867262,
        "narHash": "sha256-/XMyFx9bKOgMiOhlwVHO4Wt//vwJeHxy8VJPEqHVYJY=",
        "owner": "neovim",
        "repo": "neovim",
        "rev": "971e0ca903fce05bd4853b129ed40dee7366956f",
        "type": "github"
      },
      "original": {
        "dir": "contrib",
        "owner": "neovim",
        "repo": "neovim",
        "type": "github"
      }
    },
    "nix": {
      "inputs": {
        "nixpkgs": "nixpkgs_2"
      },
      "locked": {
        "lastModified": 1612729456,
        "narHash": "sha256-oF6A3RIUweQ6dWmPJbSUTd0mrv5/gqjpNMDSJ7sZErg=",
        "owner": "nixos",
        "repo": "nix",
        "rev": "fd6eaa17660732c98a000cb92399d04f003654a6",
        "type": "github"
      },
      "original": {
        "owner": "nixos",
        "repo": "nix",
        "type": "github"
      }
    },
    "nixpkgs": {
      "locked": {
        "lastModified": 1612813619,
        "narHash": "sha256-8yGqFXo426Vg4u0L8yXfS/WrgDV4ytMGZQb7SopoZCo=",
        "owner": "nixos",
        "repo": "nixpkgs",
        "rev": "8c8731330b53ba0061686f36f10f101e662a4717",
        "type": "github"
      },
      "original": {
        "owner": "nixos",
        "ref": "nixos-unstable",
        "repo": "nixpkgs",
        "type": "github"
      }
    },
    "nixpkgs-wayland": {
      "inputs": {
        "cachix": "cachix",
        "nixpkgs": [
          "unstable"
        ],
        "unstableSmall": "unstableSmall"
      },
      "locked": {
        "lastModified": 1612785904,
        "narHash": "sha256-zegRO+ZJvnN3ph+Q87Gor5E4QZV3EaRm0APvoyoDrw0=",
        "owner": "colemickens",
        "repo": "nixpkgs-wayland",
        "rev": "3ac5f9154a25b099d2f61856c49698caca3cf0c0",
        "type": "github"
      },
      "original": {
        "owner": "colemickens",
        "repo": "nixpkgs-wayland",
        "type": "github"
      }
    },
    "nixpkgs_2": {
      "locked": {
        "lastModified": 1602702596,
        "narHash": "sha256-fqJ4UgOb4ZUnCDIapDb4gCrtAah5Rnr2/At3IzMitig=",
        "owner": "NixOS",
        "repo": "nixpkgs",
        "rev": "ad0d20345219790533ebe06571f82ed6b034db31",
        "type": "github"
      },
      "original": {
        "id": "nixpkgs",
        "ref": "nixos-20.09-small",
        "type": "indirect"
      }
    },
    "nur": {
      "locked": {
        "lastModified": 1612845930,
        "narHash": "sha256-c1pSJbU9zPK2U6AJB+2VZ+BF0UNeFvD0/xIvf12JILs=",
        "owner": "nix-community",
        "repo": "NUR",
        "rev": "47eec7ed4016d9e2278ad25e7d2ff161b7ba9ef3",
        "type": "github"
      },
      "original": {
        "owner": "nix-community",
        "repo": "NUR",
        "type": "github"
      }
    },
    "root": {
      "inputs": {
        "flake-utils": "flake-utils",
        "home-manager": "home-manager",
        "master": "master",
        "neovim": "neovim",
        "nix": "nix",
        "nixpkgs-wayland": "nixpkgs-wayland",
        "nur": "nur",
        "stable": "stable",
        "unstable": "unstable"
      }
    },
    "stable": {
      "locked": {
        "lastModified": 1612653566,
        "narHash": "sha256-7qjA9OgOJ97wzEsgElnFnIIrWJ57Wy8p2IuG85fJDZ0=",
        "owner": "NixOS",
        "repo": "nixpkgs",
        "rev": "8e78c2cfbae71720869c35b6710d652bf28b37cc",
        "type": "github"
      },
      "original": {
        "owner": "NixOS",
        "ref": "nixos-20.09",
        "repo": "nixpkgs",
        "type": "github"
      }
    },
    "unstable": {
      "locked": {
        "lastModified": 1612545171,
        "narHash": "sha256-AZkSuO7H055eDD4KWBEDCX/R5fvw0vUMCErvQvYSEhA=",
        "owner": "NixOS",
        "repo": "nixpkgs",
        "rev": "536fe36e23ab0fc8b7f35c24603422eee9fc17a2",
        "type": "github"
      },
      "original": {
        "owner": "NixOS",
        "ref": "nixos-unstable",
        "repo": "nixpkgs",
        "type": "github"
      }
    },
    "unstableSmall": {
      "locked": {
        "lastModified": 1612724341,
        "narHash": "sha256-MphQHTTKwAhrQNDVRvEV1FR6xTN8jvfT9YXRgj+fHtc=",
        "owner": "nixos",
        "repo": "nixpkgs",
        "rev": "279e66e1067067416eb3e65602ed83efb55966bb",
        "type": "github"
      },
      "original": {
        "owner": "nixos",
        "ref": "nixos-unstable-small",
        "repo": "nixpkgs",
        "type": "github"
      }
    }
  },
  "root": "root",
  "version": 7
}
