{
  "nodes": {
    "home-manager": {
      "inputs": {
        "nixpkgs": [
          "unstable"
        ]
      },
      "locked": {
        "lastModified": 1603403461,
        "narHash": "sha256-1BBTgps384veCOtCuHLdg8vuRNYyYPssWDQxsYQ5Lg8=",
        "owner": "nix-community",
        "repo": "home-manager",
        "rev": "9bf1f40af124573a54fd208b1f539eb694ef31a6",
        "type": "github"
      },
      "original": {
        "owner": "nix-community",
        "repo": "home-manager",
        "type": "github"
      }
    },
    "neovim-overlay": {
      "flake": false,
      "locked": {
        "lastModified": 1603752139,
        "narHash": "sha256-J6RNZY68jFC9ctxdOWWm5Hs9ijs7UgWedUKdQHZgbMU=",
        "owner": "neovim",
        "repo": "neovim",
        "rev": "b6897ebc0c623d0a74c221c3030c7eaf17b7e151",
        "type": "github"
      },
      "original": {
        "owner": "neovim",
        "repo": "neovim",
        "type": "github"
      }
    },
    "root": {
      "inputs": {
        "home-manager": "home-manager",
        "neovim-overlay": "neovim-overlay",
        "unstable": "unstable"
      }
    },
    "unstable": {
      "locked": {
        "lastModified": 1602473909,
        "narHash": "sha256-tZfZhmjYNX4UrUySEjbosJO7Bj3eiCGnjfX5DkVClQw=",
        "owner": "NixOS",
        "repo": "nixpkgs",
        "rev": "cfed29bfcb28259376713005d176a6f82951014a",
        "type": "github"
      },
      "original": {
        "owner": "NixOS",
        "ref": "nixpkgs-unstable",
        "repo": "nixpkgs",
        "type": "github"
      }
    }
  },
  "root": "root",
  "version": 7
}
