{
  "nodes": {
    "cachix": {
      "locked": {
        "lastModified": 1625503722,
        "narHash": "sha256-yT1kHEvddDEs2HWJEelc+R2/azR+G7aiETRppaRFYhc=",
        "owner": "nixos",
        "repo": "nixpkgs",
        "rev": "359e6542e1d41eb18df55c82bdb08bf738fae2cf",
        "type": "github"
      },
      "original": {
        "owner": "nixos",
        "ref": "nixos-20.09",
        "repo": "nixpkgs",
        "type": "github"
      }
    },
    "nixpkgs": {
      "locked": {
        "lastModified": 1625533413,
        "narHash": "sha256-D4Dp2qDmY3Y9/Mqxsha/18F0RsH3hPiHafG4bvTz2V4=",
        "owner": "nixos",
        "repo": "nixpkgs",
        "rev": "036dc0c709650e0c833822307af801f576d67273",
        "type": "github"
      },
      "original": {
        "owner": "nixos",
        "ref": "nixos-unstable",
        "repo": "nixpkgs",
        "type": "github"
      }
    },
    "nixpkgs-wayland": {
      "inputs": {
        "cachix": "cachix",
        "nixpkgs": "nixpkgs"
      },
      "locked": {
        "lastModified": 1625687796,
        "narHash": "sha256-pNPnvt2DtqiFzL2OgDkXafDc2twUMGP9zqwH0GBlLpc=",
        "owner": "colemickens",
        "repo": "nixpkgs-wayland",
        "rev": "c53d6a085f24b1fc4c5d8984944317a5326311d2",
        "type": "github"
      },
      "original": {
        "owner": "colemickens",
        "repo": "nixpkgs-wayland",
        "type": "github"
      }
    },
    "root": {
      "inputs": {
        "nixpkgs-wayland": "nixpkgs-wayland",
        "stable": "stable"
      }
    },
    "stable": {
      "locked": {
        "lastModified": 1625692408,
        "narHash": "sha256-e9L3TLLDVIJpMnHtiNHJE62oOh6emRtSZ244bgYJUZs=",
        "owner": "nixos",
        "repo": "nixpkgs",
        "rev": "c06613c25df3fe1dd26243847a3c105cf6770627",
        "type": "github"
      },
      "original": {
        "owner": "nixos",
        "ref": "nixos-21.05",
        "repo": "nixpkgs",
        "type": "github"
      }
    }
  },
  "root": "root",
  "version": 7
}
