{
  "nodes": {
    "flake-utils": {
      "locked": {
        "lastModified": 1610051610,
        "narHash": "sha256-U9rPz/usA1/Aohhk7Cmc2gBrEEKRzcW4nwPWMPwja4Y=",
        "owner": "numtide",
        "repo": "flake-utils",
        "rev": "3982c9903e93927c2164caa727cd3f6a0e6d14cc",
        "type": "github"
      },
      "original": {
        "owner": "numtide",
        "repo": "flake-utils",
        "type": "github"
      }
    },
    "home-manager": {
      "inputs": {
        "nixpkgs": [
          "master"
        ]
      },
      "locked": {
        "lastModified": 1623623251,
        "narHash": "sha256-Aku5PTg4zk+XaiIOvDuRLzQmybGg3StaEmAl/NZlKdU=",
        "owner": "nix-community",
        "repo": "home-manager",
        "rev": "25bf3d79531ce45fd36866205bf07a24bb3be2b9",
        "type": "github"
      },
      "original": {
        "owner": "nix-community",
        "ref": "master",
        "repo": "home-manager",
        "type": "github"
      }
    },
    "master": {
      "locked": {
        "lastModified": 1623690165,
        "narHash": "sha256-jZ8iEI+On7RHm8GPoKGxMtowKVYX7wtMG3th8K0YSRc=",
        "owner": "NixOS",
        "repo": "nixpkgs",
        "rev": "9de8d634a80b4cc89fabe1670bc3edc320ad1cb2",
        "type": "github"
      },
      "original": {
        "owner": "NixOS",
        "ref": "master",
        "repo": "nixpkgs",
        "type": "github"
      }
    },
    "neovim": {
      "inputs": {
        "flake-utils": "flake-utils",
        "nixpkgs": [
          "master"
        ]
      },
      "locked": {
        "dir": "contrib",
        "lastModified": 1624012647,
        "narHash": "sha256-4OraH6sfL1+H+eFPles7sbvBnyjAHFO1nFwHKQEbKOA=",
        "owner": "neovim",
        "repo": "neovim",
        "rev": "96d83e2a66734b1bbbf863583e90a6fb6e646a67",
        "type": "github"
      },
      "original": {
        "dir": "contrib",
        "owner": "neovim",
        "repo": "neovim",
        "type": "github"
      }
    },
    "root": {
      "inputs": {
        "home-manager": "home-manager",
        "master": "master",
        "neovim": "neovim"
      }
    }
  },
  "root": "root",
  "version": 7
}
